
Microsoft Visual Studio Solution File, Format Version 12.00
# Visual Studio Version 16
VisualStudioVersion = 16.0.33927.289
MinimumVisualStudioVersion = 10.0.40219.1
Project("{2150E333-8FDC-42A3-9474-1A3956D46DE8}") = "Task0", "Task0", "{29672E09-4B2E-4DD8-AB6B-D6634055E54A}"
EndProject
Project("{FAE04EC0-301F-11D3-BF4B-00C04F79EFBC}") = "Tyuiu.MeshcheryakovPV.Sprint1.Task0.V26", "Tyuiu.MeshcheryakovPV.Sprint1.Task0.V0\Tyuiu.MeshcheryakovPV.Sprint1.Task0.V26.csproj", "{CCD127D0-A52E-4B3F-A5F5-906B813B2C42}"
EndProject
Project("{FAE04EC0-301F-11D3-BF4B-00C04F79EFBC}") = "Tyuiu.MeshcheryakovPV.Sprint1.Task0.V26.Lib", "Tyuiu.MeshcheryakovPV.Sprint1.V26.Lib\Tyuiu.MeshcheryakovPV.Sprint1.Task0.V26.Lib.csproj", "{60E95573-0724-4305-8E1B-6362EB75A904}"
EndProject
Project("{FAE04EC0-301F-11D3-BF4B-00C04F79EFBC}") = "Tyuiu.MeshcheryakovPV.Sprint1.Task0.V26.Test", "Tyuiu.MeshcheryakovPV.Sprint1.V26.Test\Tyuiu.MeshcheryakovPV.Sprint1.Task0.V26.Test.csproj", "{AF3C8349-D626-40D1-928B-4A00E2C40C9B}"
EndProject
Project("{2150E333-8FDC-42A3-9474-1A3956D46DE8}") = "Task1", "Task1", "{FF3972C4-FC71-4DF0-88CF-76E55A08AAD6}"
EndProject
Project("{FAE04EC0-301F-11D3-BF4B-00C04F79EFBC}") = "Tyuiu.MeshcheryakovPV.Sprint1.Task1.V26", "Tyuiu.MeshcheryakovPV.Sprint1.Task1.V26\Tyuiu.MeshcheryakovPV.Sprint1.Task1.V26.csproj", "{F314D4B8-96FC-4198-A0EE-FFD761D5233D}"
EndProject
Project("{FAE04EC0-301F-11D3-BF4B-00C04F79EFBC}") = "Tyuiu.MeshcheryakovPV.Sprint1.Task1.V26.Lib", "Tyuiu.MeshcheryakovPV.Sprint1.Task1.V26.Lib\Tyuiu.MeshcheryakovPV.Sprint1.Task1.V26.Lib.csproj", "{7D2EA301-FA84-48CF-857D-D197EAC05937}"
EndProject
Project("{FAE04EC0-301F-11D3-BF4B-00C04F79EFBC}") = "Tyuiu.MeshcheryakovPV.Sprint1.Task1.V26.Test", "Tyuiu.MeshcheryakovPV.Sprint1.Task1.V26.Test\Tyuiu.MeshcheryakovPV.Sprint1.Task1.V26.Test.csproj", "{83333100-D243-41D4-8ED4-064B25A3B09E}"
EndProject
Project("{2150E333-8FDC-42A3-9474-1A3956D46DE8}") = "Task2", "Task2", "{174F83B6-2779-48A2-85C8-4B13E3534387}"
EndProject
Project("{FAE04EC0-301F-11D3-BF4B-00C04F79EFBC}") = "Tyuiu.MeshcheryakovPV.Sprint1.Task2.V8", "Tyuiu.MeshcheryakovPV.Sprint1.Task2.V8\Tyuiu.MeshcheryakovPV.Sprint1.Task2.V8.csproj", "{E362F7A9-F418-4594-8BFD-4438DCEA2FA9}"
EndProject
Project("{FAE04EC0-301F-11D3-BF4B-00C04F79EFBC}") = "Tyuiu.MeshcheryakovPV.Sprint1.Task2.V8.Lib", "Tyuiu.MeshcheryakovPV.Sprint1.Task2.V8.Lib\Tyuiu.MeshcheryakovPV.Sprint1.Task2.V8.Lib.csproj", "{D2D6CF08-3425-49D6-B2D2-44AF2ECA7BD8}"
EndProject
Project("{FAE04EC0-301F-11D3-BF4B-00C04F79EFBC}") = "Tyuiu.MeshcheryakovPV.Sprint1.Task2.V8.Test", "Tyuiu.MeshcheryakovPV.Sprint1.Task2.V8.Test\Tyuiu.MeshcheryakovPV.Sprint1.Task2.V8.Test.csproj", "{B5BC78B2-7671-4043-A82D-E015137893A2}"
EndProject
Project("{2150E333-8FDC-42A3-9474-1A3956D46DE8}") = "Task3", "Task3", "{1BE8AF06-AAB4-49A2-9E9C-2D912A0D5DBD}"
EndProject
Project("{FAE04EC0-301F-11D3-BF4B-00C04F79EFBC}") = "Tyuiu.MeshcheryakovPV.Sprint1.Task3.V17", "Tyuiu.MeshcheryakovPV.Sprint1.Task3.V17\Tyuiu.MeshcheryakovPV.Sprint1.Task3.V17.csproj", "{A66DE6D4-6057-4A21-969B-81CB47ED13CD}"
EndProject
Project("{FAE04EC0-301F-11D3-BF4B-00C04F79EFBC}") = "Tyuiu.MeshcheryakovPV.Sprint1.Task3.V17.Lib", "Tyuiu.MeshcheryakovPV.Sprint1.Task3.V17.Lib\Tyuiu.MeshcheryakovPV.Sprint1.Task3.V17.Lib.csproj", "{7ACB291C-23F5-463D-B216-ECF6E2D7E323}"
EndProject
Project("{FAE04EC0-301F-11D3-BF4B-00C04F79EFBC}") = "Tyuiu.MeshcheryakovPV.Sprint1.Task3.V17.Test", "Tyuiu.MeshcheryakovPV.Sprint1.Task3.V17.Test\Tyuiu.MeshcheryakovPV.Sprint1.Task3.V17.Test.csproj", "{CEF1A132-C7F8-4905-9789-663D2FF05C0A}"
EndProject
Project("{2150E333-8FDC-42A3-9474-1A3956D46DE8}") = "NewFolder1", "NewFolder1", "{96642A82-B1CF-4F65-ADED-8C4B06929C9B}"
EndProject
Project("{2150E333-8FDC-42A3-9474-1A3956D46DE8}") = "Task4", "Task4", "{BF8EF32F-1EF2-4B17-BFCB-5661B2C64507}"
EndProject
Project("{FAE04EC0-301F-11D3-BF4B-00C04F79EFBC}") = "Tyuiu.MeshcheryakovPV.Sprint1.Task4.V19", "Tyuiu.MeshcheryakovPV.Sprint1.Task4.V19\Tyuiu.MeshcheryakovPV.Sprint1.Task4.V19.csproj", "{C985A8D3-C329-4202-98D4-FF0617C40901}"
EndProject
Project("{FAE04EC0-301F-11D3-BF4B-00C04F79EFBC}") = "Tyuiu.MeshcheryakovPV.Sprint1.Task4.V19.Lib", "Tyuiu.MeshcheryakovPV.Sprint1.Task4.V19.Lib\Tyuiu.MeshcheryakovPV.Sprint1.Task4.V19.Lib.csproj", "{C8874DBB-4623-4BD0-93FB-5514EF022807}"
EndProject
Project("{FAE04EC0-301F-11D3-BF4B-00C04F79EFBC}") = "Tyuiu.MeshcheryakovPV.Sprint1.Task4.V19.Test", "Tyuiu.MeshcheryakovPV.Sprint1.Task4.V19.Test\Tyuiu.MeshcheryakovPV.Sprint1.Task4.V19.Test.csproj", "{C61BCE4A-57AD-461A-BBA1-614B9DE88E40}"
EndProject
Project("{2150E333-8FDC-42A3-9474-1A3956D46DE8}") = "Task5", "Task5", "{DF364926-1578-4E0D-A7D6-8FB980CF8ACC}"
EndProject
Project("{FAE04EC0-301F-11D3-BF4B-00C04F79EFBC}") = "Tyuiu.MeshcheryakovPV.Sprint1.Task5.V5", "Tyuiu.MeshcheryakovPV.Sprint1.Task5.V5\Tyuiu.MeshcheryakovPV.Sprint1.Task5.V5.csproj", "{FF6644BF-ADA4-4BDB-986C-5C72472D6D37}"
EndProject
Project("{FAE04EC0-301F-11D3-BF4B-00C04F79EFBC}") = "Tyuiu.MeshcheryakovPV.Sprint1.Task5.V5.Lib", "Tyuiu.MeshcheryakovPV.Sprint1.Task5.V5.Lib\Tyuiu.MeshcheryakovPV.Sprint1.Task5.V5.Lib.csproj", "{0DC36611-D510-4B37-803A-8FF783F190ED}"
EndProject
Project("{FAE04EC0-301F-11D3-BF4B-00C04F79EFBC}") = "Tyuiu.MeshcheryakovPV.Sprint1.Task5.V5.Test", "Tyuiu.MeshcheryakovPV.Sprint1.Task5.V5.Test\Tyuiu.MeshcheryakovPV.Sprint1.Task5.V5.Test.csproj", "{2B6DB7B1-02A7-4D41-9CC5-C1E0B76DD692}"
EndProject
Project("{2150E333-8FDC-42A3-9474-1A3956D46DE8}") = "Task6", "Task6", "{7A336E06-1008-4887-9C79-007AB3133633}"
EndProject
Project("{FAE04EC0-301F-11D3-BF4B-00C04F79EFBC}") = "Tyuiu.MeshcheryakovPV.Sprint1.Task6.V2", "Tyuiu.MeshcheryakovPV.Sprint1.Task6.V2\Tyuiu.MeshcheryakovPV.Sprint1.Task6.V2.csproj", "{BACEECAB-1DF3-4F96-B99E-5E707BAA5A18}"
EndProject
Project("{FAE04EC0-301F-11D3-BF4B-00C04F79EFBC}") = "Tyuiu.MeshcheryakovPV.Sprint1.Task6.V2.Lib", "Tyuiu.MeshcheryakovPV.Sprint1.Task6.V2.Lib\Tyuiu.MeshcheryakovPV.Sprint1.Task6.V2.Lib.csproj", "{52BB82C3-9416-4425-89AA-B1CF66DD1368}"
EndProject
Project("{FAE04EC0-301F-11D3-BF4B-00C04F79EFBC}") = "Tyuiu.MeshcheryakovPV.Sprint1.Task6.V2.Test", "Tyuiu.MeshcheryakovPV.Sprint1.Task6.V2.Test\Tyuiu.MeshcheryakovPV.Sprint1.Task6.V2.Test.csproj", "{2804EEF6-C672-4EC7-85CA-274311900DBA}"
EndProject
Project("{2150E333-8FDC-42A3-9474-1A3956D46DE8}") = "Task7", "Task7", "{A6595F36-86A3-4C48-B79E-E9FC91127B71}"
EndProject
Project("{FAE04EC0-301F-11D3-BF4B-00C04F79EFBC}") = "Tyuiu.MeshcheryakovPV.Sprint1.Task7.V13", "Tyuiu.MeshcheryakovPV.Sprint1.Task7.V13\Tyuiu.MeshcheryakovPV.Sprint1.Task7.V13.csproj", "{F0A130F0-750C-40E9-95A8-29D44937D2A5}"
EndProject
Project("{FAE04EC0-301F-11D3-BF4B-00C04F79EFBC}") = "Tyuiu.MeshcheryakovPV.Sprint1.Task7.V13.Lib", "Tyuiu.MeshcheryakovPV.Sprint1.Task7.V13.Lib\Tyuiu.MeshcheryakovPV.Sprint1.Task7.V13.Lib.csproj", "{2982EF0B-E27A-4017-8BB2-02E0D8582BA5}"
EndProject
Project("{FAE04EC0-301F-11D3-BF4B-00C04F79EFBC}") = "Tyuiu.MeshcheryakovPV.Sprint1.Task7.V13.Test", "Tyuiu.MeshcheryakovPV.Sprint1.Task7.V13.Test\Tyuiu.MeshcheryakovPV.Sprint1.Task7.V13.Test.csproj", "{27EB627E-7451-43E6-8AC5-5C28E60B8316}"
EndProject
Global
	GlobalSection(SolutionConfigurationPlatforms) = preSolution
		Debug|Any CPU = Debug|Any CPU
		Release|Any CPU = Release|Any CPU
	EndGlobalSection
	GlobalSection(ProjectConfigurationPlatforms) = postSolution
		{CCD127D0-A52E-4B3F-A5F5-906B813B2C42}.Debug|Any CPU.ActiveCfg = Debug|Any CPU
		{CCD127D0-A52E-4B3F-A5F5-906B813B2C42}.Debug|Any CPU.Build.0 = Debug|Any CPU
		{CCD127D0-A52E-4B3F-A5F5-906B813B2C42}.Release|Any CPU.ActiveCfg = Release|Any CPU
		{CCD127D0-A52E-4B3F-A5F5-906B813B2C42}.Release|Any CPU.Build.0 = Release|Any CPU
		{60E95573-0724-4305-8E1B-6362EB75A904}.Debug|Any CPU.ActiveCfg = Debug|Any CPU
		{60E95573-0724-4305-8E1B-6362EB75A904}.Debug|Any CPU.Build.0 = Debug|Any CPU
		{60E95573-0724-4305-8E1B-6362EB75A904}.Release|Any CPU.ActiveCfg = Release|Any CPU
		{60E95573-0724-4305-8E1B-6362EB75A904}.Release|Any CPU.Build.0 = Release|Any CPU
		{AF3C8349-D626-40D1-928B-4A00E2C40C9B}.Debug|Any CPU.ActiveCfg = Debug|Any CPU
		{AF3C8349-D626-40D1-928B-4A00E2C40C9B}.Debug|Any CPU.Build.0 = Debug|Any CPU
		{AF3C8349-D626-40D1-928B-4A00E2C40C9B}.Release|Any CPU.ActiveCfg = Release|Any CPU
		{AF3C8349-D626-40D1-928B-4A00E2C40C9B}.Release|Any CPU.Build.0 = Release|Any CPU
		{F314D4B8-96FC-4198-A0EE-FFD761D5233D}.Debug|Any CPU.ActiveCfg = Debug|Any CPU
		{F314D4B8-96FC-4198-A0EE-FFD761D5233D}.Debug|Any CPU.Build.0 = Debug|Any CPU
		{F314D4B8-96FC-4198-A0EE-FFD761D5233D}.Release|Any CPU.ActiveCfg = Release|Any CPU
		{F314D4B8-96FC-4198-A0EE-FFD761D5233D}.Release|Any CPU.Build.0 = Release|Any CPU
		{7D2EA301-FA84-48CF-857D-D197EAC05937}.Debug|Any CPU.ActiveCfg = Debug|Any CPU
		{7D2EA301-FA84-48CF-857D-D197EAC05937}.Debug|Any CPU.Build.0 = Debug|Any CPU
		{7D2EA301-FA84-48CF-857D-D197EAC05937}.Release|Any CPU.ActiveCfg = Release|Any CPU
		{7D2EA301-FA84-48CF-857D-D197EAC05937}.Release|Any CPU.Build.0 = Release|Any CPU
		{83333100-D243-41D4-8ED4-064B25A3B09E}.Debug|Any CPU.ActiveCfg = Debug|Any CPU
		{83333100-D243-41D4-8ED4-064B25A3B09E}.Debug|Any CPU.Build.0 = Debug|Any CPU
		{83333100-D243-41D4-8ED4-064B25A3B09E}.Release|Any CPU.ActiveCfg = Release|Any CPU
		{83333100-D243-41D4-8ED4-064B25A3B09E}.Release|Any CPU.Build.0 = Release|Any CPU
		{E362F7A9-F418-4594-8BFD-4438DCEA2FA9}.Debug|Any CPU.ActiveCfg = Debug|Any CPU
		{E362F7A9-F418-4594-8BFD-4438DCEA2FA9}.Debug|Any CPU.Build.0 = Debug|Any CPU
		{E362F7A9-F418-4594-8BFD-4438DCEA2FA9}.Release|Any CPU.ActiveCfg = Release|Any CPU
		{E362F7A9-F418-4594-8BFD-4438DCEA2FA9}.Release|Any CPU.Build.0 = Release|Any CPU
		{D2D6CF08-3425-49D6-B2D2-44AF2ECA7BD8}.Debug|Any CPU.ActiveCfg = Debug|Any CPU
		{D2D6CF08-3425-49D6-B2D2-44AF2ECA7BD8}.Debug|Any CPU.Build.0 = Debug|Any CPU
		{D2D6CF08-3425-49D6-B2D2-44AF2ECA7BD8}.Release|Any CPU.ActiveCfg = Release|Any CPU
		{D2D6CF08-3425-49D6-B2D2-44AF2ECA7BD8}.Release|Any CPU.Build.0 = Release|Any CPU
		{B5BC78B2-7671-4043-A82D-E015137893A2}.Debug|Any CPU.ActiveCfg = Debug|Any CPU
		{B5BC78B2-7671-4043-A82D-E015137893A2}.Debug|Any CPU.Build.0 = Debug|Any CPU
		{B5BC78B2-7671-4043-A82D-E015137893A2}.Release|Any CPU.ActiveCfg = Release|Any CPU
		{B5BC78B2-7671-4043-A82D-E015137893A2}.Release|Any CPU.Build.0 = Release|Any CPU
		{A66DE6D4-6057-4A21-969B-81CB47ED13CD}.Debug|Any CPU.ActiveCfg = Debug|Any CPU
		{A66DE6D4-6057-4A21-969B-81CB47ED13CD}.Debug|Any CPU.Build.0 = Debug|Any CPU
		{A66DE6D4-6057-4A21-969B-81CB47ED13CD}.Release|Any CPU.ActiveCfg = Release|Any CPU
		{A66DE6D4-6057-4A21-969B-81CB47ED13CD}.Release|Any CPU.Build.0 = Release|Any CPU
		{7ACB291C-23F5-463D-B216-ECF6E2D7E323}.Debug|Any CPU.ActiveCfg = Debug|Any CPU
		{7ACB291C-23F5-463D-B216-ECF6E2D7E323}.Debug|Any CPU.Build.0 = Debug|Any CPU
		{7ACB291C-23F5-463D-B216-ECF6E2D7E323}.Release|Any CPU.ActiveCfg = Release|Any CPU
		{7ACB291C-23F5-463D-B216-ECF6E2D7E323}.Release|Any CPU.Build.0 = Release|Any CPU
		{CEF1A132-C7F8-4905-9789-663D2FF05C0A}.Debug|Any CPU.ActiveCfg = Debug|Any CPU
		{CEF1A132-C7F8-4905-9789-663D2FF05C0A}.Debug|Any CPU.Build.0 = Debug|Any CPU
		{CEF1A132-C7F8-4905-9789-663D2FF05C0A}.Release|Any CPU.ActiveCfg = Release|Any CPU
		{CEF1A132-C7F8-4905-9789-663D2FF05C0A}.Release|Any CPU.Build.0 = Release|Any CPU
		{C985A8D3-C329-4202-98D4-FF0617C40901}.Debug|Any CPU.ActiveCfg = Debug|Any CPU
		{C985A8D3-C329-4202-98D4-FF0617C40901}.Debug|Any CPU.Build.0 = Debug|Any CPU
		{C985A8D3-C329-4202-98D4-FF0617C40901}.Release|Any CPU.ActiveCfg = Release|Any CPU
		{C985A8D3-C329-4202-98D4-FF0617C40901}.Release|Any CPU.Build.0 = Release|Any CPU
		{C8874DBB-4623-4BD0-93FB-5514EF022807}.Debug|Any CPU.ActiveCfg = Debug|Any CPU
		{C8874DBB-4623-4BD0-93FB-5514EF022807}.Debug|Any CPU.Build.0 = Debug|Any CPU
		{C8874DBB-4623-4BD0-93FB-5514EF022807}.Release|Any CPU.ActiveCfg = Release|Any CPU
		{C8874DBB-4623-4BD0-93FB-5514EF022807}.Release|Any CPU.Build.0 = Release|Any CPU
		{C61BCE4A-57AD-461A-BBA1-614B9DE88E40}.Debug|Any CPU.ActiveCfg = Debug|Any CPU
		{C61BCE4A-57AD-461A-BBA1-614B9DE88E40}.Debug|Any CPU.Build.0 = Debug|Any CPU
		{C61BCE4A-57AD-461A-BBA1-614B9DE88E40}.Release|Any CPU.ActiveCfg = Release|Any CPU
		{C61BCE4A-57AD-461A-BBA1-614B9DE88E40}.Release|Any CPU.Build.0 = Release|Any CPU
		{FF6644BF-ADA4-4BDB-986C-5C72472D6D37}.Debug|Any CPU.ActiveCfg = Debug|Any CPU
		{FF6644BF-ADA4-4BDB-986C-5C72472D6D37}.Debug|Any CPU.Build.0 = Debug|Any CPU
		{FF6644BF-ADA4-4BDB-986C-5C72472D6D37}.Release|Any CPU.ActiveCfg = Release|Any CPU
		{FF6644BF-ADA4-4BDB-986C-5C72472D6D37}.Release|Any CPU.Build.0 = Release|Any CPU
		{0DC36611-D510-4B37-803A-8FF783F190ED}.Debug|Any CPU.ActiveCfg = Debug|Any CPU
		{0DC36611-D510-4B37-803A-8FF783F190ED}.Debug|Any CPU.Build.0 = Debug|Any CPU
		{0DC36611-D510-4B37-803A-8FF783F190ED}.Release|Any CPU.ActiveCfg = Release|Any CPU
		{0DC36611-D510-4B37-803A-8FF783F190ED}.Release|Any CPU.Build.0 = Release|Any CPU
		{2B6DB7B1-02A7-4D41-9CC5-C1E0B76DD692}.Debug|Any CPU.ActiveCfg = Debug|Any CPU
		{2B6DB7B1-02A7-4D41-9CC5-C1E0B76DD692}.Debug|Any CPU.Build.0 = Debug|Any CPU
		{2B6DB7B1-02A7-4D41-9CC5-C1E0B76DD692}.Release|Any CPU.ActiveCfg = Release|Any CPU
		{2B6DB7B1-02A7-4D41-9CC5-C1E0B76DD692}.Release|Any CPU.Build.0 = Release|Any CPU
		{BACEECAB-1DF3-4F96-B99E-5E707BAA5A18}.Debug|Any CPU.ActiveCfg = Debug|Any CPU
		{BACEECAB-1DF3-4F96-B99E-5E707BAA5A18}.Debug|Any CPU.Build.0 = Debug|Any CPU
		{BACEECAB-1DF3-4F96-B99E-5E707BAA5A18}.Release|Any CPU.ActiveCfg = Release|Any CPU
		{BACEECAB-1DF3-4F96-B99E-5E707BAA5A18}.Release|Any CPU.Build.0 = Release|Any CPU
		{52BB82C3-9416-4425-89AA-B1CF66DD1368}.Debug|Any CPU.ActiveCfg = Debug|Any CPU
		{52BB82C3-9416-4425-89AA-B1CF66DD1368}.Debug|Any CPU.Build.0 = Debug|Any CPU
		{52BB82C3-9416-4425-89AA-B1CF66DD1368}.Release|Any CPU.ActiveCfg = Release|Any CPU
		{52BB82C3-9416-4425-89AA-B1CF66DD1368}.Release|Any CPU.Build.0 = Release|Any CPU
		{2804EEF6-C672-4EC7-85CA-274311900DBA}.Debug|Any CPU.ActiveCfg = Debug|Any CPU
		{2804EEF6-C672-4EC7-85CA-274311900DBA}.Debug|Any CPU.Build.0 = Debug|Any CPU
		{2804EEF6-C672-4EC7-85CA-274311900DBA}.Release|Any CPU.ActiveCfg = Release|Any CPU
		{2804EEF6-C672-4EC7-85CA-274311900DBA}.Release|Any CPU.Build.0 = Release|Any CPU
		{F0A130F0-750C-40E9-95A8-29D44937D2A5}.Debug|Any CPU.ActiveCfg = Debug|Any CPU
		{F0A130F0-750C-40E9-95A8-29D44937D2A5}.Debug|Any CPU.Build.0 = Debug|Any CPU
		{F0A130F0-750C-40E9-95A8-29D44937D2A5}.Release|Any CPU.ActiveCfg = Release|Any CPU
		{F0A130F0-750C-40E9-95A8-29D44937D2A5}.Release|Any CPU.Build.0 = Release|Any CPU
		{2982EF0B-E27A-4017-8BB2-02E0D8582BA5}.Debug|Any CPU.ActiveCfg = Debug|Any CPU
		{2982EF0B-E27A-4017-8BB2-02E0D8582BA5}.Debug|Any CPU.Build.0 = Debug|Any CPU
		{2982EF0B-E27A-4017-8BB2-02E0D8582BA5}.Release|Any CPU.ActiveCfg = Release|Any CPU
		{2982EF0B-E27A-4017-8BB2-02E0D8582BA5}.Release|Any CPU.Build.0 = Release|Any CPU
		{27EB627E-7451-43E6-8AC5-5C28E60B8316}.Debug|Any CPU.ActiveCfg = Debug|Any CPU
		{27EB627E-7451-43E6-8AC5-5C28E60B8316}.Debug|Any CPU.Build.0 = Debug|Any CPU
		{27EB627E-7451-43E6-8AC5-5C28E60B8316}.Release|Any CPU.ActiveCfg = Release|Any CPU
		{27EB627E-7451-43E6-8AC5-5C28E60B8316}.Release|Any CPU.Build.0 = Release|Any CPU
	EndGlobalSection
	GlobalSection(SolutionProperties) = preSolution
		HideSolutionNode = FALSE
	EndGlobalSection
	GlobalSection(NestedProjects) = preSolution
		{CCD127D0-A52E-4B3F-A5F5-906B813B2C42} = {29672E09-4B2E-4DD8-AB6B-D6634055E54A}
		{60E95573-0724-4305-8E1B-6362EB75A904} = {29672E09-4B2E-4DD8-AB6B-D6634055E54A}
		{AF3C8349-D626-40D1-928B-4A00E2C40C9B} = {29672E09-4B2E-4DD8-AB6B-D6634055E54A}
		{F314D4B8-96FC-4198-A0EE-FFD761D5233D} = {FF3972C4-FC71-4DF0-88CF-76E55A08AAD6}
		{7D2EA301-FA84-48CF-857D-D197EAC05937} = {FF3972C4-FC71-4DF0-88CF-76E55A08AAD6}
		{83333100-D243-41D4-8ED4-064B25A3B09E} = {FF3972C4-FC71-4DF0-88CF-76E55A08AAD6}
		{E362F7A9-F418-4594-8BFD-4438DCEA2FA9} = {174F83B6-2779-48A2-85C8-4B13E3534387}
		{D2D6CF08-3425-49D6-B2D2-44AF2ECA7BD8} = {174F83B6-2779-48A2-85C8-4B13E3534387}
		{B5BC78B2-7671-4043-A82D-E015137893A2} = {174F83B6-2779-48A2-85C8-4B13E3534387}
		{A66DE6D4-6057-4A21-969B-81CB47ED13CD} = {1BE8AF06-AAB4-49A2-9E9C-2D912A0D5DBD}
		{7ACB291C-23F5-463D-B216-ECF6E2D7E323} = {1BE8AF06-AAB4-49A2-9E9C-2D912A0D5DBD}
		{CEF1A132-C7F8-4905-9789-663D2FF05C0A} = {1BE8AF06-AAB4-49A2-9E9C-2D912A0D5DBD}
		{96642A82-B1CF-4F65-ADED-8C4B06929C9B} = {1BE8AF06-AAB4-49A2-9E9C-2D912A0D5DBD}
		{C985A8D3-C329-4202-98D4-FF0617C40901} = {BF8EF32F-1EF2-4B17-BFCB-5661B2C64507}
		{C8874DBB-4623-4BD0-93FB-5514EF022807} = {BF8EF32F-1EF2-4B17-BFCB-5661B2C64507}
		{C61BCE4A-57AD-461A-BBA1-614B9DE88E40} = {BF8EF32F-1EF2-4B17-BFCB-5661B2C64507}
		{FF6644BF-ADA4-4BDB-986C-5C72472D6D37} = {DF364926-1578-4E0D-A7D6-8FB980CF8ACC}
		{0DC36611-D510-4B37-803A-8FF783F190ED} = {DF364926-1578-4E0D-A7D6-8FB980CF8ACC}
		{2B6DB7B1-02A7-4D41-9CC5-C1E0B76DD692} = {DF364926-1578-4E0D-A7D6-8FB980CF8ACC}
		{BACEECAB-1DF3-4F96-B99E-5E707BAA5A18} = {7A336E06-1008-4887-9C79-007AB3133633}
		{52BB82C3-9416-4425-89AA-B1CF66DD1368} = {7A336E06-1008-4887-9C79-007AB3133633}
		{2804EEF6-C672-4EC7-85CA-274311900DBA} = {7A336E06-1008-4887-9C79-007AB3133633}
		{F0A130F0-750C-40E9-95A8-29D44937D2A5} = {A6595F36-86A3-4C48-B79E-E9FC91127B71}
		{2982EF0B-E27A-4017-8BB2-02E0D8582BA5} = {A6595F36-86A3-4C48-B79E-E9FC91127B71}
		{27EB627E-7451-43E6-8AC5-5C28E60B8316} = {A6595F36-86A3-4C48-B79E-E9FC91127B71}
	EndGlobalSection
	GlobalSection(ExtensibilityGlobals) = postSolution
		SolutionGuid = {3655E371-DC64-4624-BCAF-0336F993BC27}
	EndGlobalSection
EndGlobal
